
Microsoft Visual Studio Solution File, Format Version 12.00
# Visual Studio Version 17
VisualStudioVersion = 17.8.34525.116
MinimumVisualStudioVersion = 10.0.40219.1
Project("{FAE04EC0-301F-11D3-BF4B-00C04F79EFBC}") = "CarsBD", "CarsBD.csproj", "{DD12CC3B-F7D6-434E-8225-DE4411CA94BE}"
EndProject
Global
	GlobalSection(SolutionConfigurationPlatforms) = preSolution
		Debug|Any CPU = Debug|Any CPU
		Release|Any CPU = Release|Any CPU
	EndGlobalSection
	GlobalSection(ProjectConfigurationPlatforms) = postSolution
		{DD12CC3B-F7D6-434E-8225-DE4411CA94BE}.Debug|Any CPU.ActiveCfg = Debug|Any CPU
		{DD12CC3B-F7D6-434E-8225-DE4411CA94BE}.Debug|Any CPU.Build.0 = Debug|Any CPU
		{DD12CC3B-F7D6-434E-8225-DE4411CA94BE}.Release|Any CPU.ActiveCfg = Release|Any CPU
		{DD12CC3B-F7D6-434E-8225-DE4411CA94BE}.Release|Any CPU.Build.0 = Release|Any CPU
	EndGlobalSection
	GlobalSection(SolutionProperties) = preSolution
		HideSolutionNode = FALSE
	EndGlobalSection
	GlobalSection(ExtensibilityGlobals) = postSolution
		SolutionGuid = {4BD6493A-8FC6-410D-A55F-B13559E7995A}
	EndGlobalSection
EndGlobal
